# This file is generated by running "yarn install" inside your project.
# Manual changes might be lost - proceed with caution!

__metadata:
  version: 8
  cacheKey: 10c0

"@remix-run/router@npm:1.21.0":
  version: 1.21.0
  resolution: "@remix-run/router@npm:1.21.0"
  checksum: 10c0/570792211c083a1c7146613b79cbb8e0d1e14f34e974052e060e7f9dcad38c800d80fe0a18bf42811bc278ab12c0e8fd62cfce649e905046c4e55bd5a09eafdc
  languageName: node
  linkType: hard

"hotspot-frontend@workspace:.":
  version: 0.0.0-use.local
  resolution: "hotspot-frontend@workspace:."
  dependencies:
    js-cookie: "npm:^3.0.5"
    react-router-dom: "npm:^6.28.0"
  languageName: unknown
  linkType: soft

"js-cookie@npm:^3.0.5":
  version: 3.0.5
  resolution: "js-cookie@npm:3.0.5"
  checksum: 10c0/04a0e560407b4489daac3a63e231d35f4e86f78bff9d792011391b49c59f721b513411cd75714c418049c8dc9750b20fcddad1ca5a2ca616c3aca4874cce5b3a
  languageName: node
  linkType: hard

"react-router-dom@npm:^6.28.0":
  version: 6.28.0
  resolution: "react-router-dom@npm:6.28.0"
  dependencies:
    "@remix-run/router": "npm:1.21.0"
    react-router: "npm:6.28.0"
  peerDependencies:
    react: ">=16.8"
    react-dom: ">=16.8"
  checksum: 10c0/e2930cf83e8c843a932b008c7ce11059fd83390502a433f0e41f192e3cb80081a621d069eeda7af3cf4bf74d7f8029f0141cdce741bca3f0af82d4bbbc7f7f10
  languageName: node
  linkType: hard

"react-router@npm:6.28.0":
  version: 6.28.0
  resolution: "react-router@npm:6.28.0"
  dependencies:
    "@remix-run/router": "npm:1.21.0"
  peerDependencies:
    react: ">=16.8"
  checksum: 10c0/b435510de78fd882bf6ca9800a73cd90cee418bd1d19efd91b8dcaebde36929bbb589e25d9f7eec24ceb84255e8d538bc1fe54e6ddb5c43c32798e2b720fa76d
  languageName: node
  linkType: hard
